
Microsoft Visual Studio Solution File, Format Version 11.00
# Visual Studio 2010
Project("{FAE04EC0-301F-11D3-BF4B-00C04F79EFBC}") = "Client", "Client\Client.csproj", "{C62BA387-9BF5-41E8-A321-250BDE7B95FC}"
EndProject
Project("{FAE04EC0-301F-11D3-BF4B-00C04F79EFBC}") = "KinectOnOpenNI", "KinectOnOpenNI\KinectOnOpenNI.csproj", "{E103D332-16B9-4BA3-8A68-8B39029ACCC8}"
EndProject
Global
	GlobalSection(SolutionConfigurationPlatforms) = preSolution
		Debug|Any CPU = Debug|Any CPU
		Debug|Mixed Platforms = Debug|Mixed Platforms
		Debug|x86 = Debug|x86
		Release|Any CPU = Release|Any CPU
		Release|Mixed Platforms = Release|Mixed Platforms
		Release|x86 = Release|x86
	EndGlobalSection
	GlobalSection(ProjectConfigurationPlatforms) = postSolution
		{C62BA387-9BF5-41E8-A321-250BDE7B95FC}.Debug|Any CPU.ActiveCfg = Debug|x86
		{C62BA387-9BF5-41E8-A321-250BDE7B95FC}.Debug|Mixed Platforms.ActiveCfg = Debug|x86
		{C62BA387-9BF5-41E8-A321-250BDE7B95FC}.Debug|Mixed Platforms.Build.0 = Debug|x86
		{C62BA387-9BF5-41E8-A321-250BDE7B95FC}.Debug|x86.ActiveCfg = Debug|x86
		{C62BA387-9BF5-41E8-A321-250BDE7B95FC}.Debug|x86.Build.0 = Debug|x86
		{C62BA387-9BF5-41E8-A321-250BDE7B95FC}.Release|Any CPU.ActiveCfg = Release|x86
		{C62BA387-9BF5-41E8-A321-250BDE7B95FC}.Release|Mixed Platforms.ActiveCfg = Release|x86
		{C62BA387-9BF5-41E8-A321-250BDE7B95FC}.Release|Mixed Platforms.Build.0 = Release|x86
		{C62BA387-9BF5-41E8-A321-250BDE7B95FC}.Release|x86.ActiveCfg = Release|x86
		{C62BA387-9BF5-41E8-A321-250BDE7B95FC}.Release|x86.Build.0 = Release|x86
		{E103D332-16B9-4BA3-8A68-8B39029ACCC8}.Debug|Any CPU.ActiveCfg = Debug|Any CPU
		{E103D332-16B9-4BA3-8A68-8B39029ACCC8}.Debug|Any CPU.Build.0 = Debug|Any CPU
		{E103D332-16B9-4BA3-8A68-8B39029ACCC8}.Debug|Mixed Platforms.ActiveCfg = Debug|Any CPU
		{E103D332-16B9-4BA3-8A68-8B39029ACCC8}.Debug|Mixed Platforms.Build.0 = Debug|Any CPU
		{E103D332-16B9-4BA3-8A68-8B39029ACCC8}.Debug|x86.ActiveCfg = Debug|Any CPU
		{E103D332-16B9-4BA3-8A68-8B39029ACCC8}.Release|Any CPU.ActiveCfg = Release|Any CPU
		{E103D332-16B9-4BA3-8A68-8B39029ACCC8}.Release|Any CPU.Build.0 = Release|Any CPU
		{E103D332-16B9-4BA3-8A68-8B39029ACCC8}.Release|Mixed Platforms.ActiveCfg = Release|Any CPU
		{E103D332-16B9-4BA3-8A68-8B39029ACCC8}.Release|Mixed Platforms.Build.0 = Release|Any CPU
		{E103D332-16B9-4BA3-8A68-8B39029ACCC8}.Release|x86.ActiveCfg = Release|Any CPU
	EndGlobalSection
	GlobalSection(SolutionProperties) = preSolution
		HideSolutionNode = FALSE
	EndGlobalSection
EndGlobal
